
Microsoft Visual Studio Solution File, Format Version 12.00
# Visual Studio 2013
VisualStudioVersion = 12.0.21005.1
MinimumVisualStudioVersion = 10.0.40219.1
Project("{FAE04EC0-301F-11D3-BF4B-00C04F79EFBC}") = "IDL.Service", "IDL.Service\IDL.Service.csproj", "{2C54F7C3-768C-4F09-B159-1B93DA3DA4F7}"
EndProject
Project("{FAE04EC0-301F-11D3-BF4B-00C04F79EFBC}") = "IDL.Service.Common", "IDL.Service.Common\IDL.Service.Common.csproj", "{81BCB95F-988C-44F7-9B89-1503F69AB446}"
EndProject
Project("{2150E333-8FDC-42A3-9474-1A3956D46DE8}") = "UnitTests", "UnitTests", "{58EC0A50-E1D2-43A2-BF17-ABB8108F3518}"
EndProject
Project("{FAE04EC0-301F-11D3-BF4B-00C04F79EFBC}") = "IDL.Service.Tests", "IDL.Service.Tests\IDL.Service.Tests.csproj", "{AD16535B-E5FF-4306-B2CA-12F2CABCCEAB}"
EndProject
Global
	GlobalSection(SolutionConfigurationPlatforms) = preSolution
		Debug|Any CPU = Debug|Any CPU
		Release|Any CPU = Release|Any CPU
	EndGlobalSection
	GlobalSection(ProjectConfigurationPlatforms) = postSolution
		{2C54F7C3-768C-4F09-B159-1B93DA3DA4F7}.Debug|Any CPU.ActiveCfg = Debug|Any CPU
		{2C54F7C3-768C-4F09-B159-1B93DA3DA4F7}.Debug|Any CPU.Build.0 = Debug|Any CPU
		{2C54F7C3-768C-4F09-B159-1B93DA3DA4F7}.Release|Any CPU.ActiveCfg = Release|Any CPU
		{2C54F7C3-768C-4F09-B159-1B93DA3DA4F7}.Release|Any CPU.Build.0 = Release|Any CPU
		{81BCB95F-988C-44F7-9B89-1503F69AB446}.Debug|Any CPU.ActiveCfg = Debug|Any CPU
		{81BCB95F-988C-44F7-9B89-1503F69AB446}.Debug|Any CPU.Build.0 = Debug|Any CPU
		{81BCB95F-988C-44F7-9B89-1503F69AB446}.Release|Any CPU.ActiveCfg = Release|Any CPU
		{81BCB95F-988C-44F7-9B89-1503F69AB446}.Release|Any CPU.Build.0 = Release|Any CPU
		{AD16535B-E5FF-4306-B2CA-12F2CABCCEAB}.Debug|Any CPU.ActiveCfg = Debug|Any CPU
		{AD16535B-E5FF-4306-B2CA-12F2CABCCEAB}.Debug|Any CPU.Build.0 = Debug|Any CPU
		{AD16535B-E5FF-4306-B2CA-12F2CABCCEAB}.Release|Any CPU.ActiveCfg = Release|Any CPU
		{AD16535B-E5FF-4306-B2CA-12F2CABCCEAB}.Release|Any CPU.Build.0 = Release|Any CPU
	EndGlobalSection
	GlobalSection(SolutionProperties) = preSolution
		HideSolutionNode = FALSE
	EndGlobalSection
	GlobalSection(NestedProjects) = preSolution
		{AD16535B-E5FF-4306-B2CA-12F2CABCCEAB} = {58EC0A50-E1D2-43A2-BF17-ABB8108F3518}
	EndGlobalSection
EndGlobal
